
Microsoft Visual Studio Solution File, Format Version 12.00
# Visual Studio Version 16
VisualStudioVersion = 16.0.31321.278
MinimumVisualStudioVersion = 10.0.40219.1
Project("{FAE04EC0-301F-11D3-BF4B-00C04F79EFBC}") = "SP3", "SP3\SP3.csproj", "{47BD6EF7-B98D-4AAD-9577-721E3B1FB31A}"
EndProject
Global
	GlobalSection(SolutionConfigurationPlatforms) = preSolution
		Debug|Any CPU = Debug|Any CPU
		Release|Any CPU = Release|Any CPU
	EndGlobalSection
	GlobalSection(ProjectConfigurationPlatforms) = postSolution
		{47BD6EF7-B98D-4AAD-9577-721E3B1FB31A}.Debug|Any CPU.ActiveCfg = Debug|Any CPU
		{47BD6EF7-B98D-4AAD-9577-721E3B1FB31A}.Debug|Any CPU.Build.0 = Debug|Any CPU
		{47BD6EF7-B98D-4AAD-9577-721E3B1FB31A}.Release|Any CPU.ActiveCfg = Release|Any CPU
		{47BD6EF7-B98D-4AAD-9577-721E3B1FB31A}.Release|Any CPU.Build.0 = Release|Any CPU
	EndGlobalSection
	GlobalSection(SolutionProperties) = preSolution
		HideSolutionNode = FALSE
	EndGlobalSection
	GlobalSection(ExtensibilityGlobals) = postSolution
		SolutionGuid = {62DF175A-D29F-47F8-B1A3-322FC7DF75C9}
	EndGlobalSection
EndGlobal
